{
  "version": 4,
  "terraform_version": "0.15.0",
  "serial": 280,
  "lineage": "0bfed178-c843-63e4-1dfa-9922c6bc2993",
  "outputs": {
    "cluster_name": {
      "value": "equal-lemur",
      "type": "string"
    },
    "cluster_nodes": {
      "value": [
        {
          "name": "master",
          "private_ip": "172.31.8.35",
          "public_ip": "18.116.17.118",
          "subnet_id": "subnet-dbae06b0"
        },
        {
          "name": "worker-0",
          "private_ip": "172.31.33.77",
          "public_ip": "18.217.196.233",
          "subnet_id": "subnet-a6e7a9ea"
        },
        {
          "name": "worker-1",
          "private_ip": "172.31.11.96",
          "public_ip": "3.143.254.29",
          "subnet_id": "subnet-dbae06b0"
        }
      ],
      "type": [
        "tuple",
        [
          [
            "object",
            {
              "name": "string",
              "private_ip": "string",
              "public_ip": "string",
              "subnet_id": "string"
            }
          ],
          [
            "object",
            {
              "name": "string",
              "private_ip": "string",
              "public_ip": "string",
              "subnet_id": "string"
            }
          ],
          [
            "object",
            {
              "name": "string",
              "private_ip": "string",
              "public_ip": "string",
              "subnet_id": "string"
            }
          ]
        ]
      ]
    },
    "kubeconfig": {
      "value": "/root/terraform-aws-kubeadm/equal-lemur.conf",
      "type": "string"
    },
    "vpc_id": {
      "value": "vpc-13d55578",
      "type": "string"
    }
  },
  "resources": [
    {
      "mode": "data",
      "type": "aws_ami",
      "name": "ubuntu",
      "provider": "provider[\"registry.terraform.io/hashicorp/aws\"]",
      "instances": [
        {
          "schema_version": 0,
          "attributes": {
            "architecture": "x86_64",
            "arn": "arn:aws:ec2:us-east-2::image/ami-0bbcf00b8663c7cd6",
            "block_device_mappings": [
              {
                "device_name": "/dev/sda1",
                "ebs": {
                  "delete_on_termination": "true",
                  "encrypted": "false",
                  "iops": "0",
                  "snapshot_id": "snap-071923c0b6b405f38",
                  "throughput": "0",
                  "volume_size": "8",
                  "volume_type": "gp2"
                },
                "no_device": "",
                "virtual_name": ""
              }
            ],
            "creation_date": "2021-04-16T11:24:32.000Z",
            "description": "",
            "ena_support": true,
            "executable_users": null,
            "filter": [
              {
                "name": "name",
                "values": [
                  "ubuntu"
                ]
              }
            ],
            "hypervisor": "xen",
            "id": "ami-0bbcf00b8663c7cd6",
            "image_id": "ami-0bbcf00b8663c7cd6",
            "image_location": "138683655500/ubuntu",
            "image_owner_alias": null,
            "image_type": "machine",
            "kernel_id": null,
            "most_recent": true,
            "name": "ubuntu",
            "name_regex": null,
            "owner_id": "138683655500",
            "owners": [
              "138683655500"
            ],
            "platform": null,
            "platform_details": "Linux/UNIX",
            "product_codes": [],
            "public": true,
            "ramdisk_id": null,
            "root_device_name": "/dev/sda1",
            "root_device_type": "ebs",
            "root_snapshot_id": "snap-071923c0b6b405f38",
            "sriov_net_support": "simple",
            "state": "available",
            "state_reason": {
              "code": "UNSET",
              "message": "UNSET"
            },
            "tags": {
              "Name": "ubuntu"
            },
            "usage_operation": "RunInstances",
            "virtualization_type": "hvm"
          },
          "sensitive_attributes": []
        }
      ]
    },
    {
      "mode": "managed",
      "type": "aws_eip",
      "name": "master",
      "provider": "provider[\"registry.terraform.io/hashicorp/aws\"]",
      "instances": [
        {
          "schema_version": 0,
          "attributes": {
            "allocation_id": null,
            "associate_with_private_ip": null,
            "association_id": "",
            "carrier_ip": "",
            "customer_owned_ip": "",
            "customer_owned_ipv4_pool": "",
            "domain": "vpc",
            "id": "eipalloc-0c8b004f03fba647f",
            "instance": "",
            "network_border_group": "us-east-2",
            "network_interface": "",
            "private_dns": null,
            "private_ip": "",
            "public_dns": "ec2-18-116-17-118.us-east-2.compute.amazonaws.com",
            "public_ip": "18.116.17.118",
            "public_ipv4_pool": "amazon",
            "tags": {
              "terraform-kubeadm:cluster": "equal-lemur"
            },
            "timeouts": null,
            "vpc": true
          },
          "sensitive_attributes": [],
          "private": "eyJlMmJmYjczMC1lY2FhLTExZTYtOGY4OC0zNDM2M2JjN2M0YzAiOnsiZGVsZXRlIjoxODAwMDAwMDAwMDAsInJlYWQiOjkwMDAwMDAwMDAwMCwidXBkYXRlIjozMDAwMDAwMDAwMDB9fQ==",
          "dependencies": [
            "random_pet.cluster_name"
          ]
        }
      ]
    },
    {
      "mode": "managed",
      "type": "aws_eip_association",
      "name": "master",
      "provider": "provider[\"registry.terraform.io/hashicorp/aws\"]",
      "instances": [
        {
          "schema_version": 0,
          "attributes": {
            "allocation_id": "eipalloc-0c8b004f03fba647f",
            "allow_reassociation": null,
            "id": "eipassoc-08c756732fd5d8cec",
            "instance_id": "i-06b0590718bfda99d",
            "network_interface_id": "eni-05179fc21a8583161",
            "private_ip_address": "172.31.8.35",
            "public_ip": "18.116.17.118"
          },
          "sensitive_attributes": [],
          "private": "bnVsbA==",
          "dependencies": [
            "aws_eip.master",
            "aws_instance.master",
            "aws_key_pair.main",
            "aws_security_group.egress",
            "aws_security_group.ingress_internal",
            "aws_security_group.ingress_k8s",
            "aws_security_group.ingress_ssh",
            "data.aws_ami.ubuntu",
            "random_pet.cluster_name",
            "random_string.token_id",
            "random_string.token_secret"
          ]
        }
      ]
    },
    {
      "mode": "managed",
      "type": "aws_instance",
      "name": "master",
      "provider": "provider[\"registry.terraform.io/hashicorp/aws\"]",
      "instances": [
        {
          "schema_version": 1,
          "attributes": {
            "ami": "ami-0bbcf00b8663c7cd6",
            "arn": "arn:aws:ec2:us-east-2:138683655500:instance/i-06b0590718bfda99d",
            "associate_public_ip_address": true,
            "availability_zone": "us-east-2a",
            "cpu_core_count": 2,
            "cpu_threads_per_core": 1,
            "credit_specification": [
              {
                "cpu_credits": "standard"
              }
            ],
            "disable_api_termination": false,
            "ebs_block_device": [],
            "ebs_optimized": false,
            "enclave_options": [
              {
                "enabled": false
              }
            ],
            "ephemeral_block_device": [],
            "get_password_data": false,
            "hibernation": false,
            "host_id": null,
            "iam_instance_profile": "",
            "id": "i-06b0590718bfda99d",
            "instance_initiated_shutdown_behavior": null,
            "instance_state": "running",
            "instance_type": "t2.medium",
            "ipv6_address_count": 0,
            "ipv6_addresses": [],
            "key_name": "equal-lemur-20210418092024703400000001",
            "metadata_options": [
              {
                "http_endpoint": "enabled",
                "http_put_response_hop_limit": 1,
                "http_tokens": "optional"
              }
            ],
            "monitoring": false,
            "network_interface": [],
            "outpost_arn": "",
            "password_data": "",
            "placement_group": "",
            "primary_network_interface_id": "eni-05179fc21a8583161",
            "private_dns": "ip-172-31-8-35.us-east-2.compute.internal",
            "private_ip": "172.31.8.35",
            "public_dns": "ec2-13-58-152-188.us-east-2.compute.amazonaws.com",
            "public_ip": "13.58.152.188",
            "root_block_device": [
              {
                "delete_on_termination": true,
                "device_name": "/dev/sda1",
                "encrypted": false,
                "iops": 100,
                "kms_key_id": "",
                "tags": {},
                "throughput": 0,
                "volume_id": "vol-0d585a9a80077f3cf",
                "volume_size": 8,
                "volume_type": "gp2"
              }
            ],
            "secondary_private_ips": [],
            "security_groups": [
              "equal-lemur-egress",
              "equal-lemur-ingress-internal",
              "equal-lemur-ingress-k8s",
              "equal-lemur-ingress-ssh"
            ],
            "source_dest_check": true,
            "subnet_id": "subnet-dbae06b0",
            "tags": {
              "terraform-kubeadm:cluster": "equal-lemur",
              "terraform-kubeadm:node": "master"
            },
            "tenancy": "default",
            "timeouts": null,
            "user_data": "ba2f0c55dabc202646242bfde2c20616d8b4913d",
            "user_data_base64": null,
            "volume_tags": null,
            "vpc_security_group_ids": [
              "sg-0105bc663d04ce30f",
              "sg-04a57c2ad6b36d99b",
              "sg-05a2d3e44fa428fa9",
              "sg-09389a1bac4c8b51e"
            ]
          },
          "sensitive_attributes": [],
          "private": "eyJlMmJmYjczMC1lY2FhLTExZTYtOGY4OC0zNDM2M2JjN2M0YzAiOnsiY3JlYXRlIjo2MDAwMDAwMDAwMDAsImRlbGV0ZSI6MTIwMDAwMDAwMDAwMCwidXBkYXRlIjo2MDAwMDAwMDAwMDB9LCJzY2hlbWFfdmVyc2lvbiI6IjEifQ==",
          "dependencies": [
            "aws_eip.master",
            "aws_key_pair.main",
            "aws_security_group.egress",
            "aws_security_group.ingress_internal",
            "aws_security_group.ingress_k8s",
            "aws_security_group.ingress_ssh",
            "data.aws_ami.ubuntu",
            "random_pet.cluster_name",
            "random_string.token_id",
            "random_string.token_secret"
          ]
        }
      ]
    },
    {
      "mode": "managed",
      "type": "aws_instance",
      "name": "workers",
      "provider": "provider[\"registry.terraform.io/hashicorp/aws\"]",
      "instances": [
        {
          "index_key": 0,
          "schema_version": 1,
          "attributes": {
            "ami": "ami-0bbcf00b8663c7cd6",
            "arn": "arn:aws:ec2:us-east-2:138683655500:instance/i-05984b44223c2f4bc",
            "associate_public_ip_address": true,
            "availability_zone": "us-east-2c",
            "cpu_core_count": 1,
            "cpu_threads_per_core": 1,
            "credit_specification": [
              {
                "cpu_credits": "standard"
              }
            ],
            "disable_api_termination": false,
            "ebs_block_device": [],
            "ebs_optimized": false,
            "enclave_options": [
              {
                "enabled": false
              }
            ],
            "ephemeral_block_device": [],
            "get_password_data": false,
            "hibernation": false,
            "host_id": null,
            "iam_instance_profile": "",
            "id": "i-05984b44223c2f4bc",
            "instance_initiated_shutdown_behavior": null,
            "instance_state": "running",
            "instance_type": "t2.small",
            "ipv6_address_count": 0,
            "ipv6_addresses": [],
            "key_name": "equal-lemur-20210418092024703400000001",
            "metadata_options": [
              {
                "http_endpoint": "enabled",
                "http_put_response_hop_limit": 1,
                "http_tokens": "optional"
              }
            ],
            "monitoring": false,
            "network_interface": [],
            "outpost_arn": "",
            "password_data": "",
            "placement_group": "",
            "primary_network_interface_id": "eni-0ade70d41ac69ee9c",
            "private_dns": "ip-172-31-33-77.us-east-2.compute.internal",
            "private_ip": "172.31.33.77",
            "public_dns": "ec2-18-217-196-233.us-east-2.compute.amazonaws.com",
            "public_ip": "18.217.196.233",
            "root_block_device": [
              {
                "delete_on_termination": true,
                "device_name": "/dev/sda1",
                "encrypted": false,
                "iops": 100,
                "kms_key_id": "",
                "tags": {},
                "throughput": 0,
                "volume_id": "vol-06e87485bebf95a46",
                "volume_size": 8,
                "volume_type": "gp2"
              }
            ],
            "secondary_private_ips": [],
            "security_groups": [
              "equal-lemur-egress",
              "equal-lemur-ingress-internal",
              "equal-lemur-ingress-ssh"
            ],
            "source_dest_check": true,
            "subnet_id": "subnet-a6e7a9ea",
            "tags": {
              "terraform-kubeadm:cluster": "equal-lemur",
              "terraform-kubeadm:node": "worker-0"
            },
            "tenancy": "default",
            "timeouts": null,
            "user_data": "38295c0a0d123e19a15ec12776a070ff7b2ebb98",
            "user_data_base64": null,
            "volume_tags": null,
            "vpc_security_group_ids": [
              "sg-0105bc663d04ce30f",
              "sg-04a57c2ad6b36d99b",
              "sg-05a2d3e44fa428fa9"
            ]
          },
          "sensitive_attributes": [],
          "private": "eyJlMmJmYjczMC1lY2FhLTExZTYtOGY4OC0zNDM2M2JjN2M0YzAiOnsiY3JlYXRlIjo2MDAwMDAwMDAwMDAsImRlbGV0ZSI6MTIwMDAwMDAwMDAwMCwidXBkYXRlIjo2MDAwMDAwMDAwMDB9LCJzY2hlbWFfdmVyc2lvbiI6IjEifQ==",
          "dependencies": [
            "aws_eip.master",
            "aws_instance.master",
            "aws_key_pair.main",
            "aws_security_group.egress",
            "aws_security_group.ingress_internal",
            "aws_security_group.ingress_k8s",
            "aws_security_group.ingress_ssh",
            "data.aws_ami.ubuntu",
            "random_pet.cluster_name",
            "random_string.token_id",
            "random_string.token_secret"
          ]
        },
        {
          "index_key": 1,
          "schema_version": 1,
          "attributes": {
            "ami": "ami-0bbcf00b8663c7cd6",
            "arn": "arn:aws:ec2:us-east-2:138683655500:instance/i-0a439251d3ae57b83",
            "associate_public_ip_address": true,
            "availability_zone": "us-east-2a",
            "cpu_core_count": 1,
            "cpu_threads_per_core": 1,
            "credit_specification": [
              {
                "cpu_credits": "standard"
              }
            ],
            "disable_api_termination": false,
            "ebs_block_device": [],
            "ebs_optimized": false,
            "enclave_options": [
              {
                "enabled": false
              }
            ],
            "ephemeral_block_device": [],
            "get_password_data": false,
            "hibernation": false,
            "host_id": null,
            "iam_instance_profile": "",
            "id": "i-0a439251d3ae57b83",
            "instance_initiated_shutdown_behavior": null,
            "instance_state": "running",
            "instance_type": "t2.small",
            "ipv6_address_count": 0,
            "ipv6_addresses": [],
            "key_name": "equal-lemur-20210418092024703400000001",
            "metadata_options": [
              {
                "http_endpoint": "enabled",
                "http_put_response_hop_limit": 1,
                "http_tokens": "optional"
              }
            ],
            "monitoring": false,
            "network_interface": [],
            "outpost_arn": "",
            "password_data": "",
            "placement_group": "",
            "primary_network_interface_id": "eni-01557b0930fa561de",
            "private_dns": "ip-172-31-11-96.us-east-2.compute.internal",
            "private_ip": "172.31.11.96",
            "public_dns": "ec2-3-143-254-29.us-east-2.compute.amazonaws.com",
            "public_ip": "3.143.254.29",
            "root_block_device": [
              {
                "delete_on_termination": true,
                "device_name": "/dev/sda1",
                "encrypted": false,
                "iops": 100,
                "kms_key_id": "",
                "tags": {},
                "throughput": 0,
                "volume_id": "vol-0e090f30d9e49aae8",
                "volume_size": 8,
                "volume_type": "gp2"
              }
            ],
            "secondary_private_ips": [],
            "security_groups": [
              "equal-lemur-egress",
              "equal-lemur-ingress-internal",
              "equal-lemur-ingress-ssh"
            ],
            "source_dest_check": true,
            "subnet_id": "subnet-dbae06b0",
            "tags": {
              "terraform-kubeadm:cluster": "equal-lemur",
              "terraform-kubeadm:node": "worker-1"
            },
            "tenancy": "default",
            "timeouts": null,
            "user_data": "f97419e227365c51eff605f192c2b83c435a3c8c",
            "user_data_base64": null,
            "volume_tags": null,
            "vpc_security_group_ids": [
              "sg-0105bc663d04ce30f",
              "sg-04a57c2ad6b36d99b",
              "sg-05a2d3e44fa428fa9"
            ]
          },
          "sensitive_attributes": [],
          "private": "eyJlMmJmYjczMC1lY2FhLTExZTYtOGY4OC0zNDM2M2JjN2M0YzAiOnsiY3JlYXRlIjo2MDAwMDAwMDAwMDAsImRlbGV0ZSI6MTIwMDAwMDAwMDAwMCwidXBkYXRlIjo2MDAwMDAwMDAwMDB9LCJzY2hlbWFfdmVyc2lvbiI6IjEifQ==",
          "dependencies": [
            "aws_eip.master",
            "aws_instance.master",
            "aws_key_pair.main",
            "aws_security_group.egress",
            "aws_security_group.ingress_internal",
            "aws_security_group.ingress_k8s",
            "aws_security_group.ingress_ssh",
            "data.aws_ami.ubuntu",
            "random_pet.cluster_name",
            "random_string.token_id",
            "random_string.token_secret"
          ]
        }
      ]
    },
    {
      "mode": "managed",
      "type": "aws_key_pair",
      "name": "main",
      "provider": "provider[\"registry.terraform.io/hashicorp/aws\"]",
      "instances": [
        {
          "schema_version": 1,
          "attributes": {
            "arn": "arn:aws:ec2:us-east-2:138683655500:key-pair/equal-lemur-20210418092024703400000001",
            "fingerprint": "37:d3:13:ef:7a:d2:16:5c:3a:16:e7:2e:66:82:e1:5b",
            "id": "equal-lemur-20210418092024703400000001",
            "key_name": "equal-lemur-20210418092024703400000001",
            "key_name_prefix": "equal-lemur-",
            "key_pair_id": "key-07fb1beb7e46c8a18",
            "public_key": "ssh-rsa AAAAB3NzaC1yc2EAAAADAQABAAABgQDMmO4ISiILIJCmNrGRgcD2Nmxp4Tj7feDcu7vwjJPQh/E0Z4ZAxgvwHihT/8sRM3crm2PEVqG+W0gRD8AB6mR2LIE7ktvz6y2dm0HjivOkAmYZkTwo1kRxZMO0VJM3MwcNwad7XzxlA3yaufV2ARAsxfQD5+/iH/8AGS4ZTCXVbsDhySUGIRBh12/B4wlwAuY6DBmnpbrBnz1froQHsSIdCnvGsqNTqkiXuQ8b+/F5Yjs3w2pubvoVmpED2DRspq0ZlGHKe7ln2El4JYfauPe1LQUh3kz+Ssgy1tBajrtz58wewg4Bxdd7yhuJ9nK0IcvaBpWHY7Nuo58CSdRiZ6bI94/nxxyH7oDk4KAZfr2b2d7/R2IpXf+C5m19HSTZ5sqlnywnHoTOjCW9DusYtKbCl/ssYu7RQ3xe6MXu9OmFaJy7JVU9bfrKaIw3zU0LQgd/jL12RIEfgo0uCPgwLPlAeOaXGUe2wGXE6gmEY/LpXH6IgVOiCKiA8UKT3m+iI08= root@ip-172-31-35-103",
            "tags": {
              "terraform-kubeadm:cluster": "equal-lemur"
            }
          },
          "sensitive_attributes": [],
          "private": "eyJzY2hlbWFfdmVyc2lvbiI6IjEifQ==",
          "dependencies": [
            "random_pet.cluster_name"
          ]
        }
      ]
    },
    {
      "mode": "managed",
      "type": "aws_security_group",
      "name": "egress",
      "provider": "provider[\"registry.terraform.io/hashicorp/aws\"]",
      "instances": [
        {
          "schema_version": 1,
          "attributes": {
            "arn": "arn:aws:ec2:us-east-2:138683655500:security-group/sg-0105bc663d04ce30f",
            "description": "Allow all outgoing traffic to everywhere",
            "egress": [
              {
                "cidr_blocks": [
                  "0.0.0.0/0"
                ],
                "description": "",
                "from_port": 0,
                "ipv6_cidr_blocks": [],
                "prefix_list_ids": [],
                "protocol": "-1",
                "security_groups": [],
                "self": false,
                "to_port": 0
              }
            ],
            "id": "sg-0105bc663d04ce30f",
            "ingress": [],
            "name": "equal-lemur-egress",
            "name_prefix": "",
            "owner_id": "138683655500",
            "revoke_rules_on_delete": false,
            "tags": {
              "terraform-kubeadm:cluster": "equal-lemur"
            },
            "timeouts": null,
            "vpc_id": "vpc-13d55578"
          },
          "sensitive_attributes": [],
          "private": "eyJlMmJmYjczMC1lY2FhLTExZTYtOGY4OC0zNDM2M2JjN2M0YzAiOnsiY3JlYXRlIjo2MDAwMDAwMDAwMDAsImRlbGV0ZSI6OTAwMDAwMDAwMDAwfSwic2NoZW1hX3ZlcnNpb24iOiIxIn0=",
          "dependencies": [
            "random_pet.cluster_name"
          ]
        }
      ]
    },
    {
      "mode": "managed",
      "type": "aws_security_group",
      "name": "ingress_internal",
      "provider": "provider[\"registry.terraform.io/hashicorp/aws\"]",
      "instances": [
        {
          "schema_version": 1,
          "attributes": {
            "arn": "arn:aws:ec2:us-east-2:138683655500:security-group/sg-04a57c2ad6b36d99b",
            "description": "Allow all incoming traffic from nodes and Pods in the cluster",
            "egress": [],
            "id": "sg-04a57c2ad6b36d99b",
            "ingress": [
              {
                "cidr_blocks": [],
                "description": "Allow incoming traffic from cluster nodes",
                "from_port": 0,
                "ipv6_cidr_blocks": [],
                "prefix_list_ids": [],
                "protocol": "-1",
                "security_groups": [],
                "self": true,
                "to_port": 0
              },
              {
                "cidr_blocks": [],
                "description": "Allow incoming traffic from the Pods of the cluster",
                "from_port": 0,
                "ipv6_cidr_blocks": [],
                "prefix_list_ids": [],
                "protocol": "-1",
                "security_groups": [],
                "self": false,
                "to_port": 0
              }
            ],
            "name": "equal-lemur-ingress-internal",
            "name_prefix": "",
            "owner_id": "138683655500",
            "revoke_rules_on_delete": false,
            "tags": {
              "terraform-kubeadm:cluster": "equal-lemur"
            },
            "timeouts": null,
            "vpc_id": "vpc-13d55578"
          },
          "sensitive_attributes": [],
          "private": "eyJlMmJmYjczMC1lY2FhLTExZTYtOGY4OC0zNDM2M2JjN2M0YzAiOnsiY3JlYXRlIjo2MDAwMDAwMDAwMDAsImRlbGV0ZSI6OTAwMDAwMDAwMDAwfSwic2NoZW1hX3ZlcnNpb24iOiIxIn0=",
          "dependencies": [
            "random_pet.cluster_name"
          ]
        }
      ]
    },
    {
      "mode": "managed",
      "type": "aws_security_group",
      "name": "ingress_k8s",
      "provider": "provider[\"registry.terraform.io/hashicorp/aws\"]",
      "instances": [
        {
          "schema_version": 1,
          "attributes": {
            "arn": "arn:aws:ec2:us-east-2:138683655500:security-group/sg-09389a1bac4c8b51e",
            "description": "Allow incoming Kubernetes API requests (TCP/6443) from outside the cluster",
            "egress": [],
            "id": "sg-09389a1bac4c8b51e",
            "ingress": [
              {
                "cidr_blocks": [
                  "0.0.0.0/0"
                ],
                "description": "",
                "from_port": 6443,
                "ipv6_cidr_blocks": [],
                "prefix_list_ids": [],
                "protocol": "tcp",
                "security_groups": [],
                "self": false,
                "to_port": 6443
              }
            ],
            "name": "equal-lemur-ingress-k8s",
            "name_prefix": "",
            "owner_id": "138683655500",
            "revoke_rules_on_delete": false,
            "tags": {
              "terraform-kubeadm:cluster": "equal-lemur"
            },
            "timeouts": null,
            "vpc_id": "vpc-13d55578"
          },
          "sensitive_attributes": [],
          "private": "eyJlMmJmYjczMC1lY2FhLTExZTYtOGY4OC0zNDM2M2JjN2M0YzAiOnsiY3JlYXRlIjo2MDAwMDAwMDAwMDAsImRlbGV0ZSI6OTAwMDAwMDAwMDAwfSwic2NoZW1hX3ZlcnNpb24iOiIxIn0=",
          "dependencies": [
            "random_pet.cluster_name"
          ]
        }
      ]
    },
    {
      "mode": "managed",
      "type": "aws_security_group",
      "name": "ingress_ssh",
      "provider": "provider[\"registry.terraform.io/hashicorp/aws\"]",
      "instances": [
        {
          "schema_version": 1,
          "attributes": {
            "arn": "arn:aws:ec2:us-east-2:138683655500:security-group/sg-05a2d3e44fa428fa9",
            "description": "Allow incoming SSH traffic (TCP/22) from outside the cluster",
            "egress": [],
            "id": "sg-05a2d3e44fa428fa9",
            "ingress": [
              {
                "cidr_blocks": [
                  "0.0.0.0/0"
                ],
                "description": "",
                "from_port": 22,
                "ipv6_cidr_blocks": [],
                "prefix_list_ids": [],
                "protocol": "tcp",
                "security_groups": [],
                "self": false,
                "to_port": 22
              }
            ],
            "name": "equal-lemur-ingress-ssh",
            "name_prefix": "",
            "owner_id": "138683655500",
            "revoke_rules_on_delete": false,
            "tags": {
              "terraform-kubeadm:cluster": "equal-lemur"
            },
            "timeouts": null,
            "vpc_id": "vpc-13d55578"
          },
          "sensitive_attributes": [],
          "private": "eyJlMmJmYjczMC1lY2FhLTExZTYtOGY4OC0zNDM2M2JjN2M0YzAiOnsiY3JlYXRlIjo2MDAwMDAwMDAwMDAsImRlbGV0ZSI6OTAwMDAwMDAwMDAwfSwic2NoZW1hX3ZlcnNpb24iOiIxIn0=",
          "dependencies": [
            "random_pet.cluster_name"
          ]
        }
      ]
    },
    {
      "mode": "managed",
      "type": "null_resource",
      "name": "download_kubeconfig_file",
      "provider": "provider[\"registry.terraform.io/hashicorp/null\"]",
      "instances": [
        {
          "schema_version": 0,
          "attributes": {
            "id": "9158825465981260679",
            "triggers": {
              "wait_for_bootstrap_to_finish": "7963593685793594310"
            }
          },
          "sensitive_attributes": [],
          "private": "bnVsbA==",
          "dependencies": [
            "aws_eip.master",
            "aws_instance.master",
            "aws_instance.workers",
            "aws_key_pair.main",
            "aws_security_group.egress",
            "aws_security_group.ingress_internal",
            "aws_security_group.ingress_k8s",
            "aws_security_group.ingress_ssh",
            "data.aws_ami.ubuntu",
            "null_resource.wait_for_bootstrap_to_finish",
            "random_pet.cluster_name",
            "random_string.token_id",
            "random_string.token_secret"
          ]
        }
      ]
    },
    {
      "mode": "managed",
      "type": "null_resource",
      "name": "wait_for_bootstrap_to_finish",
      "provider": "provider[\"registry.terraform.io/hashicorp/null\"]",
      "instances": [
        {
          "schema_version": 0,
          "attributes": {
            "id": "7963593685793594310",
            "triggers": {
              "instance_ids": "i-06b0590718bfda99d,i-05984b44223c2f4bc,i-0a439251d3ae57b83"
            }
          },
          "sensitive_attributes": [],
          "private": "bnVsbA==",
          "dependencies": [
            "aws_eip.master",
            "aws_instance.master",
            "aws_instance.workers",
            "aws_key_pair.main",
            "aws_security_group.egress",
            "aws_security_group.ingress_internal",
            "aws_security_group.ingress_k8s",
            "aws_security_group.ingress_ssh",
            "data.aws_ami.ubuntu",
            "random_pet.cluster_name",
            "random_string.token_id",
            "random_string.token_secret"
          ]
        }
      ]
    },
    {
      "mode": "managed",
      "type": "random_pet",
      "name": "cluster_name",
      "provider": "provider[\"registry.terraform.io/hashicorp/random\"]",
      "instances": [
        {
          "schema_version": 0,
          "attributes": {
            "id": "equal-lemur",
            "keepers": null,
            "length": 2,
            "prefix": null,
            "separator": "-"
          },
          "sensitive_attributes": [],
          "private": "bnVsbA=="
        }
      ]
    },
    {
      "mode": "managed",
      "type": "random_string",
      "name": "token_id",
      "provider": "provider[\"registry.terraform.io/hashicorp/random\"]",
      "instances": [
        {
          "schema_version": 1,
          "attributes": {
            "id": "51s1aq",
            "keepers": null,
            "length": 6,
            "lower": true,
            "min_lower": 0,
            "min_numeric": 0,
            "min_special": 0,
            "min_upper": 0,
            "number": true,
            "override_special": null,
            "result": "51s1aq",
            "special": false,
            "upper": false
          },
          "sensitive_attributes": [],
          "private": "eyJzY2hlbWFfdmVyc2lvbiI6IjEifQ=="
        }
      ]
    },
    {
      "mode": "managed",
      "type": "random_string",
      "name": "token_secret",
      "provider": "provider[\"registry.terraform.io/hashicorp/random\"]",
      "instances": [
        {
          "schema_version": 1,
          "attributes": {
            "id": "qspjm7tw013fad8j",
            "keepers": null,
            "length": 16,
            "lower": true,
            "min_lower": 0,
            "min_numeric": 0,
            "min_special": 0,
            "min_upper": 0,
            "number": true,
            "override_special": null,
            "result": "qspjm7tw013fad8j",
            "special": false,
            "upper": false
          },
          "sensitive_attributes": [],
          "private": "eyJzY2hlbWFfdmVyc2lvbiI6IjEifQ=="
        }
      ]
    }
  ]
}
